Microsoft Visual Studio Solution File, Format Version 12.00
# Visual Studio Version 17
VisualStudioVersion = 17.5.2.0
MinimumVisualStudioVersion = 10.0.40219.1
Project("{FAE04EC0-301F-11D3-BF4B-00C04F79EFBC}") = "Shopping_Cart", "Shopping_Cart.csproj", "{1233E4FE-3BDE-B26A-286F-CCB184144FB0}"
EndProject
Global
	GlobalSection(SolutionConfigurationPlatforms) = preSolution
		Debug|Any CPU = Debug|Any CPU
		Release|Any CPU = Release|Any CPU
	EndGlobalSection
	GlobalSection(ProjectConfigurationPlatforms) = postSolution
		{1233E4FE-3BDE-B26A-286F-CCB184144FB0}.Debug|Any CPU.ActiveCfg = Debug|Any CPU
		{1233E4FE-3BDE-B26A-286F-CCB184144FB0}.Debug|Any CPU.Build.0 = Debug|Any CPU
		{1233E4FE-3BDE-B26A-286F-CCB184144FB0}.Release|Any CPU.ActiveCfg = Release|Any CPU
		{1233E4FE-3BDE-B26A-286F-CCB184144FB0}.Release|Any CPU.Build.0 = Release|Any CPU
	EndGlobalSection
	GlobalSection(SolutionProperties) = preSolution
		HideSolutionNode = FALSE
	EndGlobalSection
	GlobalSection(ExtensibilityGlobals) = postSolution
		SolutionGuid = {372AD643-511F-4A82-8798-4CF7140D2C80}
	EndGlobalSection
EndGlobal
